Microsoft Visual Studio Solution File, Format Version 12.00
# Visual Studio Version 17
VisualStudioVersion = 17.0.31903.59
MinimumVisualStudioVersion = 10.0.40219.1
Project("{9A19103F-16F7-4668-BE54-9A1E7A4F7556}") = "ElectronSharp.SampleApp", "ElectronSharp.SampleApp\ElectronSharp.SampleApp.csproj", "{7C048379-401C-4345-B5E7-BE232DEA8157}"
	ProjectSection(ProjectDependencies) = postProject
		{CE3EB0F2-DA39-427A-85D2-E00D660EBFDE} = {CE3EB0F2-DA39-427A-85D2-E00D660EBFDE}
	EndProjectSection
EndProject
Project("{9A19103F-16F7-4668-BE54-9A1E7A4F7556}") = "ElectronSharp.API", "ElectronSharp.API\ElectronSharp.API.csproj", "{A78157BA-B754-45F1-969F-D6A513CA0E72}"
EndProject
Project("{9A19103F-16F7-4668-BE54-9A1E7A4F7556}") = "ElectronSharp.CLI", "ElectronSharp.CLI\ElectronSharp.CLI.csproj", "{CE3EB0F2-DA39-427A-85D2-E00D660EBFDE}"
EndProject
Project("{2150E333-8FDC-42A3-9474-1A3956D46DE8}") = "Solution Items", "Solution Items", "{2914CCF7-27C2-42AE-849A-2F0C1BC7CDFA}"
	ProjectSection(SolutionItems) = preProject
		.devops\build-nuget.yaml = .devops\build-nuget.yaml
		buildAll.cmd = buildAll.cmd
		buildAll.sh = buildAll.sh
		buildReleaseNuGetPackages.cmd = buildReleaseNuGetPackages.cmd
		Changelog.md = Changelog.md
		README.md = README.md
		start.cmd = start.cmd
		start.sh = start.sh
	EndProjectSection
EndProject
Project("{9A19103F-16F7-4668-BE54-9A1E7A4F7556}") = "Releaser", "Releaser\Releaser.csproj", "{8209F641-B8AA-413A-8523-25ACF1BAD55D}"
EndProject
Project("{FAE04EC0-301F-11D3-BF4B-00C04F79EFBC}") = "ElectronSharp.API.Tests", "ElectronSharp.API.Tests\ElectronSharp.API.Tests.csproj", "{3E9EFB03-777A-4D14-808F-F5E89212BE8E}"
EndProject
Global
	GlobalSection(SolutionConfigurationPlatforms) = preSolution
		Debug|Any CPU = Debug|Any CPU
		Release|Any CPU = Release|Any CPU
	EndGlobalSection
	GlobalSection(ProjectConfigurationPlatforms) = postSolution
		{7C048379-401C-4345-B5E7-BE232DEA8157}.Debug|Any CPU.ActiveCfg = Debug|Any CPU
		{7C048379-401C-4345-B5E7-BE232DEA8157}.Debug|Any CPU.Build.0 = Debug|Any CPU
		{7C048379-401C-4345-B5E7-BE232DEA8157}.Release|Any CPU.ActiveCfg = Release|Any CPU
		{7C048379-401C-4345-B5E7-BE232DEA8157}.Release|Any CPU.Build.0 = Release|Any CPU
		{A78157BA-B754-45F1-969F-D6A513CA0E72}.Debug|Any CPU.ActiveCfg = Debug|Any CPU
		{A78157BA-B754-45F1-969F-D6A513CA0E72}.Debug|Any CPU.Build.0 = Debug|Any CPU
		{A78157BA-B754-45F1-969F-D6A513CA0E72}.Release|Any CPU.ActiveCfg = Release|Any CPU
		{A78157BA-B754-45F1-969F-D6A513CA0E72}.Release|Any CPU.Build.0 = Release|Any CPU
		{CE3EB0F2-DA39-427A-85D2-E00D660EBFDE}.Debug|Any CPU.ActiveCfg = Debug|Any CPU
		{CE3EB0F2-DA39-427A-85D2-E00D660EBFDE}.Debug|Any CPU.Build.0 = Debug|Any CPU
		{CE3EB0F2-DA39-427A-85D2-E00D660EBFDE}.Release|Any CPU.ActiveCfg = Release|Any CPU
		{CE3EB0F2-DA39-427A-85D2-E00D660EBFDE}.Release|Any CPU.Build.0 = Release|Any CPU
		{8209F641-B8AA-413A-8523-25ACF1BAD55D}.Debug|Any CPU.ActiveCfg = Debug|Any CPU
		{8209F641-B8AA-413A-8523-25ACF1BAD55D}.Debug|Any CPU.Build.0 = Debug|Any CPU
		{8209F641-B8AA-413A-8523-25ACF1BAD55D}.Release|Any CPU.ActiveCfg = Release|Any CPU
		{8209F641-B8AA-413A-8523-25ACF1BAD55D}.Release|Any CPU.Build.0 = Release|Any CPU
		{3E9EFB03-777A-4D14-808F-F5E89212BE8E}.Debug|Any CPU.ActiveCfg = Debug|Any CPU
		{3E9EFB03-777A-4D14-808F-F5E89212BE8E}.Debug|Any CPU.Build.0 = Debug|Any CPU
		{3E9EFB03-777A-4D14-808F-F5E89212BE8E}.Release|Any CPU.ActiveCfg = Release|Any CPU
		{3E9EFB03-777A-4D14-808F-F5E89212BE8E}.Release|Any CPU.Build.0 = Release|Any CPU
	EndGlobalSection
	GlobalSection(SolutionProperties) = preSolution
		HideSolutionNode = FALSE
	EndGlobalSection
	GlobalSection(ExtensibilityGlobals) = postSolution
		SolutionGuid = {81A62E71-9E04-4EFE-AD5C-23165375F8EF}
	EndGlobalSection
EndGlobal
